{
  "name": "xero",
  "version": "1.0.0",
  "lockfileVersion": 1,
  "requires": true,
  "dependencies": {
    "oauth": {
      "version": "0.9.15",
      "resolved": "https://registry.npmjs.org/oauth/-/oauth-0.9.15.tgz",
      "integrity": "sha1-vR/vr2hslrdUda7VGWQS/2DPucE="
    },
    "xero-node": {
      "version": "3.0.7",
      "resolved": "https://registry.npmjs.org/xero-node/-/xero-node-3.0.7.tgz",
      "integrity": "sha512-Bdn2FCPcUleCmExkqsjfY/y5vnP+YlmR7+WtSOtgSwp5mEt56W15HrNQq1rkrB74PR5zS6JEgyOHD3N7pSWKuQ==",
      "requires": {
        "oauth": "0.9.15"
      }
    }
  }
}
